{
  "name": ".config",
  "lockfileVersion": 2,
  "requires": true,
  "packages": {
    "": {
      "dependencies": {
        "@themerdev/visual-studio": "^1.0.1",
        "@themerdev/vscode": "^2.4.0",
        "themer": "^3.3.9",
        "themer-vscode": "^2.2.1"
      }
    },
    "node_modules/@themerdev/visual-studio": {
      "version": "1.0.1",
      "resolved": "https://registry.npmjs.org/@themerdev/visual-studio/-/visual-studio-1.0.1.tgz",
      "integrity": "sha512-GHwYoeFvkk+sCFesgqL9LFiAtKWhooV1r6tfVSUexboSQjqQrQYn4hAWsvClmn1abVdwIIGoUQMbYASz3g65qw==",
      "dependencies": {
        "color": "^3.1.2"
      },
      "engines": {
        "node": ">=8.11.4"
      },
      "peerDependencies": {
        "themer": "^3"
      }
    },
    "node_modules/@themerdev/vscode": {
      "version": "2.4.0",
      "resolved": "https://registry.npmjs.org/@themerdev/vscode/-/vscode-2.4.0.tgz",
      "integrity": "sha512-xOYqFuNNVFrJA3z+vvMpxTIBnPxMUGopQkzMqGnRs2LXSDulB50xW4AFM+sFf2SgWhkysytT3TXxdjYFXHsAeQ==",
      "engines": {
        "node": ">=8.11.4"
      },
      "peerDependencies": {
        "themer": "^2.1||^3"
      }
    },
    "node_modules/argparse": {
      "version": "2.0.1",
      "resolved": "https://registry.npmjs.org/argparse/-/argparse-2.0.1.tgz",
      "integrity": "sha512-8+9WqebbFzpX9OR+Wa6O29asIogeRMzcGtAINdpMHHyAg10f05aSFVBbcEqGf/PXw1EjAZ+q2/bEBg3DvurK3Q=="
    },
    "node_modules/color": {
      "version": "3.2.1",
      "resolved": "https://registry.npmjs.org/color/-/color-3.2.1.tgz",
      "integrity": "sha512-aBl7dZI9ENN6fUGC7mWpMTPNHmWUSNan9tuWN6ahh5ZLNk9baLJOnSMlrQkHcrfFgz2/RigjUVAjdx36VcemKA==",
      "dependencies": {
        "color-convert": "^1.9.3",
        "color-string": "^1.6.0"
      }
    },
    "node_modules/color-convert": {
      "version": "1.9.3",
      "resolved": "https://registry.npmjs.org/color-convert/-/color-convert-1.9.3.tgz",
      "integrity": "sha512-QfAUtd+vFdAtFQcC8CCyYt1fYWxSqAiK2cSD6zDB8N3cpsEBAvRxp9zOGg6G/SHHJYAT88/az/IuDGALsNVbGg==",
      "dependencies": {
        "color-name": "1.1.3"
      }
    },
    "node_modules/color-name": {
      "version": "1.1.3",
      "resolved": "https://registry.npmjs.org/color-name/-/color-name-1.1.3.tgz",
      "integrity": "sha1-p9BVi9icQveV3UIyj3QIMcpTvCU="
    },
    "node_modules/color-steps": {
      "version": "1.0.2",
      "resolved": "https://registry.npmjs.org/color-steps/-/color-steps-1.0.2.tgz",
      "integrity": "sha512-Pj8QfvoFakPb6kPcovfbJzoxPObzYUj7XhNCO2xiC7z8TdjOoMNwMOyIa2nLFP6JKssnAHAfI8EaqhaJg3uWVg==",
      "dependencies": {
        "onecolor": "^3.0.5"
      },
      "bin": {
        "color-steps": "cli.js"
      },
      "engines": {
        "node": ">=6.12.2"
      }
    },
    "node_modules/color-string": {
      "version": "1.9.1",
      "resolved": "https://registry.npmjs.org/color-string/-/color-string-1.9.1.tgz",
      "integrity": "sha512-shrVawQFojnZv6xM40anx4CkoDP+fZsw/ZerEMsW/pyzsRbElpsL/DBVW7q3ExxwusdNXI3lXpuhEZkzs8p5Eg==",
      "dependencies": {
        "color-name": "^1.0.0",
        "simple-swizzle": "^0.2.2"
      }
    },
    "node_modules/is-arrayish": {
      "version": "0.3.2",
      "resolved": "https://registry.npmjs.org/is-arrayish/-/is-arrayish-0.3.2.tgz",
      "integrity": "sha512-eVRqCvVlZbuw3GrM63ovNSNAeA1K16kaR/LRY/92w0zxQ5/1YzwblUX652i4Xs9RwAGjW9d9y6X88t8OaAJfWQ=="
    },
    "node_modules/js-yaml": {
      "version": "4.1.0",
      "resolved": "https://registry.npmjs.org/js-yaml/-/js-yaml-4.1.0.tgz",
      "integrity": "sha512-wpxZs9NoxZaJESJGIZTyDEaYpl0FKSA+FB9aJiyemKhMwkxQg63h4T1KJgUGHpTqPDNRcmmYLugrRjJlBtWvRA==",
      "dependencies": {
        "argparse": "^2.0.1"
      },
      "bin": {
        "js-yaml": "bin/js-yaml.js"
      }
    },
    "node_modules/minimist": {
      "version": "1.2.6",
      "resolved": "https://registry.npmjs.org/minimist/-/minimist-1.2.6.tgz",
      "integrity": "sha512-Jsjnk4bw3YJqYzbdyBiNsPWHPfO++UGG749Cxs6peCu5Xg4nrena6OVxOYxrQTqww0Jmwt+Ref8rggumkTLz9Q=="
    },
    "node_modules/onecolor": {
      "version": "3.1.0",
      "resolved": "https://registry.npmjs.org/onecolor/-/onecolor-3.1.0.tgz",
      "integrity": "sha512-YZSypViXzu3ul5LMu/m6XjJ9ol8qAy9S2VjHl5E6UlhUH1KGKWabyEJifn0Jjpw23bYDzC2ucKMPGiH5kfwSGQ==",
      "engines": {
        "node": ">=0.4.8"
      }
    },
    "node_modules/simple-swizzle": {
      "version": "0.2.2",
      "resolved": "https://registry.npmjs.org/simple-swizzle/-/simple-swizzle-0.2.2.tgz",
      "integrity": "sha1-pNprY1/8zMoz9w0Xy5JZLeleVXo=",
      "dependencies": {
        "is-arrayish": "^0.3.1"
      }
    },
    "node_modules/themer": {
      "version": "3.3.9",
      "resolved": "https://registry.npmjs.org/themer/-/themer-3.3.9.tgz",
      "integrity": "sha512-34+8GXhNBuV+kcJuaKNgGkzIMgCdKX2sRNUHOCRSfnff5Pq7KeAd7QEdAgT3uuy4mLvOLrpABrkbIKSvM+Qqtg==",
      "dependencies": {
        "color-steps": "^1.0.1",
        "js-yaml": "^4.1.0",
        "minimist": "^1.2.5",
        "onecolor": "^3.0.5"
      },
      "bin": {
        "themer": "bin/themer.js"
      },
      "engines": {
        "node": ">=8.9.4"
      },
      "funding": {
        "type": "github",
        "url": "https://github.com/sponsors/themerdev"
      }
    },
    "node_modules/themer-vscode": {
      "version": "2.2.1",
      "resolved": "https://registry.npmjs.org/themer-vscode/-/themer-vscode-2.2.1.tgz",
      "integrity": "sha512-iZFfiEdstBRobkRHdeqN47Crg1TQuSxS4HTR1jVP3VXqQK7xblwOYM14LWB0zFO5K6ehb8T7nUY5WKfV+dJt0w==",
      "deprecated": "This package has been moved to @themer/vscode.",
      "engines": {
        "node": ">=8.11.4"
      },
      "peerDependencies": {
        "themer": "^2.1||^3"
      }
    }
  },
  "dependencies": {
    "@themerdev/visual-studio": {
      "version": "1.0.1",
      "resolved": "https://registry.npmjs.org/@themerdev/visual-studio/-/visual-studio-1.0.1.tgz",
      "integrity": "sha512-GHwYoeFvkk+sCFesgqL9LFiAtKWhooV1r6tfVSUexboSQjqQrQYn4hAWsvClmn1abVdwIIGoUQMbYASz3g65qw==",
      "requires": {
        "color": "^3.1.2"
      }
    },
    "@themerdev/vscode": {
      "version": "2.4.0",
      "resolved": "https://registry.npmjs.org/@themerdev/vscode/-/vscode-2.4.0.tgz",
      "integrity": "sha512-xOYqFuNNVFrJA3z+vvMpxTIBnPxMUGopQkzMqGnRs2LXSDulB50xW4AFM+sFf2SgWhkysytT3TXxdjYFXHsAeQ==",
      "requires": {}
    },
    "argparse": {
      "version": "2.0.1",
      "resolved": "https://registry.npmjs.org/argparse/-/argparse-2.0.1.tgz",
      "integrity": "sha512-8+9WqebbFzpX9OR+Wa6O29asIogeRMzcGtAINdpMHHyAg10f05aSFVBbcEqGf/PXw1EjAZ+q2/bEBg3DvurK3Q=="
    },
    "color": {
      "version": "3.2.1",
      "resolved": "https://registry.npmjs.org/color/-/color-3.2.1.tgz",
      "integrity": "sha512-aBl7dZI9ENN6fUGC7mWpMTPNHmWUSNan9tuWN6ahh5ZLNk9baLJOnSMlrQkHcrfFgz2/RigjUVAjdx36VcemKA==",
      "requires": {
        "color-convert": "^1.9.3",
        "color-string": "^1.6.0"
      }
    },
    "color-convert": {
      "version": "1.9.3",
      "resolved": "https://registry.npmjs.org/color-convert/-/color-convert-1.9.3.tgz",
      "integrity": "sha512-QfAUtd+vFdAtFQcC8CCyYt1fYWxSqAiK2cSD6zDB8N3cpsEBAvRxp9zOGg6G/SHHJYAT88/az/IuDGALsNVbGg==",
      "requires": {
        "color-name": "1.1.3"
      }
    },
    "color-name": {
      "version": "1.1.3",
      "resolved": "https://registry.npmjs.org/color-name/-/color-name-1.1.3.tgz",
      "integrity": "sha1-p9BVi9icQveV3UIyj3QIMcpTvCU="
    },
    "color-steps": {
      "version": "1.0.2",
      "resolved": "https://registry.npmjs.org/color-steps/-/color-steps-1.0.2.tgz",
      "integrity": "sha512-Pj8QfvoFakPb6kPcovfbJzoxPObzYUj7XhNCO2xiC7z8TdjOoMNwMOyIa2nLFP6JKssnAHAfI8EaqhaJg3uWVg==",
      "requires": {
        "onecolor": "^3.0.5"
      }
    },
    "color-string": {
      "version": "1.9.1",
      "resolved": "https://registry.npmjs.org/color-string/-/color-string-1.9.1.tgz",
      "integrity": "sha512-shrVawQFojnZv6xM40anx4CkoDP+fZsw/ZerEMsW/pyzsRbElpsL/DBVW7q3ExxwusdNXI3lXpuhEZkzs8p5Eg==",
      "requires": {
        "color-name": "^1.0.0",
        "simple-swizzle": "^0.2.2"
      }
    },
    "is-arrayish": {
      "version": "0.3.2",
      "resolved": "https://registry.npmjs.org/is-arrayish/-/is-arrayish-0.3.2.tgz",
      "integrity": "sha512-eVRqCvVlZbuw3GrM63ovNSNAeA1K16kaR/LRY/92w0zxQ5/1YzwblUX652i4Xs9RwAGjW9d9y6X88t8OaAJfWQ=="
    },
    "js-yaml": {
      "version": "4.1.0",
      "resolved": "https://registry.npmjs.org/js-yaml/-/js-yaml-4.1.0.tgz",
      "integrity": "sha512-wpxZs9NoxZaJESJGIZTyDEaYpl0FKSA+FB9aJiyemKhMwkxQg63h4T1KJgUGHpTqPDNRcmmYLugrRjJlBtWvRA==",
      "requires": {
        "argparse": "^2.0.1"
      }
    },
    "minimist": {
      "version": "1.2.6",
      "resolved": "https://registry.npmjs.org/minimist/-/minimist-1.2.6.tgz",
      "integrity": "sha512-Jsjnk4bw3YJqYzbdyBiNsPWHPfO++UGG749Cxs6peCu5Xg4nrena6OVxOYxrQTqww0Jmwt+Ref8rggumkTLz9Q=="
    },
    "onecolor": {
      "version": "3.1.0",
      "resolved": "https://registry.npmjs.org/onecolor/-/onecolor-3.1.0.tgz",
      "integrity": "sha512-YZSypViXzu3ul5LMu/m6XjJ9ol8qAy9S2VjHl5E6UlhUH1KGKWabyEJifn0Jjpw23bYDzC2ucKMPGiH5kfwSGQ=="
    },
    "simple-swizzle": {
      "version": "0.2.2",
      "resolved": "https://registry.npmjs.org/simple-swizzle/-/simple-swizzle-0.2.2.tgz",
      "integrity": "sha1-pNprY1/8zMoz9w0Xy5JZLeleVXo=",
      "requires": {
        "is-arrayish": "^0.3.1"
      }
    },
    "themer": {
      "version": "3.3.9",
      "resolved": "https://registry.npmjs.org/themer/-/themer-3.3.9.tgz",
      "integrity": "sha512-34+8GXhNBuV+kcJuaKNgGkzIMgCdKX2sRNUHOCRSfnff5Pq7KeAd7QEdAgT3uuy4mLvOLrpABrkbIKSvM+Qqtg==",
      "requires": {
        "color-steps": "^1.0.1",
        "js-yaml": "^4.1.0",
        "minimist": "^1.2.5",
        "onecolor": "^3.0.5"
      }
    },
    "themer-vscode": {
      "version": "2.2.1",
      "resolved": "https://registry.npmjs.org/themer-vscode/-/themer-vscode-2.2.1.tgz",
      "integrity": "sha512-iZFfiEdstBRobkRHdeqN47Crg1TQuSxS4HTR1jVP3VXqQK7xblwOYM14LWB0zFO5K6ehb8T7nUY5WKfV+dJt0w==",
      "requires": {}
    }
  }
}
